{
  "requires": true,
  "lockfileVersion": 1,
  "dependencies": {
    "@ant-design/colors": {
      "version": "3.2.2",
      "resolved": "https://registry.npmjs.org/@ant-design/colors/-/colors-3.2.2.tgz",
      "integrity": "sha512-YKgNbG2dlzqMhA9NtI3/pbY16m3Yl/EeWBRa+lB1X1YaYxHrxNexiQYCLTWO/uDvAjLFMEDU+zR901waBtMtjQ==",
      "requires": {
        "tinycolor2": "^1.4.1"
      }
    },
    "@ant-design/css-animation": {
      "version": "1.7.3",
      "resolved": "https://registry.npmjs.org/@ant-design/css-animation/-/css-animation-1.7.3.tgz",
      "integrity": "sha512-LrX0OGZtW+W6iLnTAqnTaoIsRelYeuLZWsrmBJFUXDALQphPsN8cE5DCsmoSlL0QYb94BQxINiuS70Ar/8BNgA=="
    },
    "@ant-design/icons": {
      "version": "4.2.2",
      "resolved": "https://registry.npmjs.org/@ant-design/icons/-/icons-4.2.2.tgz",
      "integrity": "sha512-DrVV+wcupnHS7PehJ6KiTcJtAR5c25UMgjGECCc6pUT9rsvw0AuYG+a4HDjfxEQuDqKTHwW+oX/nIvCymyLE8Q==",
      "requires": {
        "@ant-design/colors": "^3.1.0",
        "@ant-design/icons-svg": "^4.0.0",
        "@babel/runtime": "^7.10.4",
        "classnames": "^2.2.6",
        "insert-css": "^2.0.0",
        "rc-util": "^5.0.1"
      }
    },
    "@ant-design/icons-svg": {
      "version": "4.1.0",
      "resolved": "https://registry.npmjs.org/@ant-design/icons-svg/-/icons-svg-4.1.0.tgz",
      "integrity": "sha512-Fi03PfuUqRs76aI3UWYpP864lkrfPo0hluwGqh7NJdLhvH4iRDc3jbJqZIvRDLHKbXrvAfPPV3+zjUccfFvWOQ=="
    },
    "@ant-design/react-slick": {
      "version": "0.27.0",
      "resolved": "https://registry.npmjs.org/@ant-design/react-slick/-/react-slick-0.27.0.tgz",
      "integrity": "sha512-dq/p/1oKgew99cNrhT6/BA4v7c7nAhPlS6IcVGVTMsp175bYxbHBT1GfY5vxZyz97YaTnzJ8s2Wql4AOnFQ+9g==",
      "requires": {
        "@babel/runtime": "^7.10.4",
        "classnames": "^2.2.5",
        "json2mq": "^0.2.0",
        "lodash": "^4.17.15",
        "resize-observer-polyfill": "^1.5.0"
      }
    },
    "@babel/runtime": {
      "version": "7.11.2",
      "resolved": "https://registry.npmjs.org/@babel/runtime/-/runtime-7.11.2.tgz",
      "integrity": "sha512-TeWkU52so0mPtDcaCTxNBI/IHiz0pZgr8VEFqXFtZWpYD08ZB6FaSwVAS8MKRQAP3bYKiVjwysOJgMFY28o6Tw==",
      "requires": {
        "regenerator-runtime": "^0.13.4"
      }
    },
    "antd": {
      "version": "4.5.4",
      "resolved": "https://registry.npmjs.org/antd/-/antd-4.5.4.tgz",
      "integrity": "sha512-ToBwPaEfRXpDwkFZwEeQc8TynqVLMRX/P4V2IA2cfS4H+w4HXi89kQik4/Gx48UphHmt6fcfwtfm8QZIn3nerA==",
      "requires": {
        "@ant-design/css-animation": "^1.7.2",
        "@ant-design/icons": "^4.2.1",
        "@ant-design/react-slick": "~0.27.0",
        "@babel/runtime": "^7.10.4",
        "array-tree-filter": "^2.1.0",
        "classnames": "^2.2.6",
        "copy-to-clipboard": "^3.2.0",
        "lodash": "^4.17.13",
        "moment": "^2.25.3",
        "omit.js": "^2.0.2",
        "raf": "^3.4.1",
        "rc-animate": "~3.1.0",
        "rc-cascader": "~1.3.0",
        "rc-checkbox": "~2.3.0",
        "rc-collapse": "~2.0.0",
        "rc-dialog": "~8.1.0",
        "rc-drawer": "~4.1.0",
        "rc-dropdown": "~3.1.2",
        "rc-field-form": "~1.8.0",
        "rc-input-number": "~6.0.0",
        "rc-mentions": "~1.4.0",
        "rc-menu": "~8.5.2",
        "rc-motion": "^1.0.0",
        "rc-notification": "~4.4.0",
        "rc-pagination": "~2.4.5",
        "rc-picker": "~1.15.1",
        "rc-progress": "~3.0.0",
        "rc-rate": "~2.8.2",
        "rc-resize-observer": "^0.2.3",
        "rc-select": "~11.0.12",
        "rc-slider": "~9.3.0",
        "rc-steps": "~4.1.0",
        "rc-switch": "~3.2.0",
        "rc-table": "~7.8.0",
        "rc-tabs": "~11.5.0",
        "rc-textarea": "~0.3.0",
        "rc-tooltip": "~4.2.0",
        "rc-tree": "~3.9.0",
        "rc-tree-select": "~4.1.1",
        "rc-trigger": "~4.4.0",
        "rc-upload": "~3.2.0",
        "rc-util": "^5.0.1",
        "scroll-into-view-if-needed": "^2.2.25",
        "warning": "^4.0.3"
      }
    },
    "array-tree-filter": {
      "version": "2.1.0",
      "resolved": "https://registry.npmjs.org/array-tree-filter/-/array-tree-filter-2.1.0.tgz",
      "integrity": "sha512-4ROwICNlNw/Hqa9v+rk5h22KjmzB1JGTMVKP2AKJBOCgb0yL0ASf0+YvCcLNNwquOHNX48jkeZIJ3a+oOQqKcw=="
    },
    "asap": {
      "version": "2.0.6",
      "resolved": "https://registry.npmjs.org/asap/-/asap-2.0.6.tgz",
      "integrity": "sha1-5QNHYR1+aQlDIIu9r+vLwvuGbUY="
    },
    "async-validator": {
      "version": "3.4.0",
      "resolved": "https://registry.npmjs.org/async-validator/-/async-validator-3.4.0.tgz",
      "integrity": "sha512-VrFk4eYiJAWKskEz115iiuCf9O0ftnMMPXrOFMqyzGH2KxO7YwncKyn/FgOOP+0MDHMfXL7gLExagCutaZGigA=="
    },
    "classnames": {
      "version": "2.2.6",
      "resolved": "https://registry.npmjs.org/classnames/-/classnames-2.2.6.tgz",
      "integrity": "sha512-JR/iSQOSt+LQIWwrwEzJ9uk0xfN3mTVYMwt1Ir5mUcSN6pU+V4zQFFaJsclJbPuAUQH+yfWef6tm7l1quW3C8Q=="
    },
    "compute-scroll-into-view": {
      "version": "1.0.14",
      "resolved": "https://registry.npmjs.org/compute-scroll-into-view/-/compute-scroll-into-view-1.0.14.tgz",
      "integrity": "sha512-mKDjINe3tc6hGelUMNDzuhorIUZ7kS7BwyY0r2wQd2HOH2tRuJykiC06iSEX8y1TuhNzvz4GcJnK16mM2J1NMQ=="
    },
    "copy-to-clipboard": {
      "version": "3.3.1",
      "resolved": "https://registry.npmjs.org/copy-to-clipboard/-/copy-to-clipboard-3.3.1.tgz",
      "integrity": "sha512-i13qo6kIHTTpCm8/Wup+0b1mVWETvu2kIMzKoK8FpkLkFxlt0znUAHcMzox+T8sPlqtZXq3CulEjQHsYiGFJUw==",
      "requires": {
        "toggle-selection": "^1.0.6"
      }
    },
    "core-js": {
      "version": "1.2.7",
      "resolved": "https://registry.npmjs.org/core-js/-/core-js-1.2.7.tgz",
      "integrity": "sha1-ZSKUwUZR2yj6k70tX/KYOk8IxjY="
    },
    "create-react-class": {
      "version": "15.6.3",
      "resolved": "https://registry.npmjs.org/create-react-class/-/create-react-class-15.6.3.tgz",
      "integrity": "sha512-M+/3Q6E6DLO6Yx3OwrWjwHBnvfXXYA7W+dFjt/ZDBemHO1DDZhsalX/NUtnTYclN6GfnBDRh4qRHjcDHmlJBJg==",
      "requires": {
        "fbjs": "^0.8.9",
        "loose-envify": "^1.3.1",
        "object-assign": "^4.1.1"
      }
    },
    "date-fns": {
      "version": "2.15.0",
      "resolved": "https://registry.npmjs.org/date-fns/-/date-fns-2.15.0.tgz",
      "integrity": "sha512-ZCPzAMJZn3rNUvvQIMlXhDr4A+Ar07eLeGsGREoWU19a3Pqf5oYa+ccd+B3F6XVtQY6HANMFdOQ8A+ipFnvJdQ=="
    },
    "dayjs": {
      "version": "1.8.34",
      "resolved": "https://registry.npmjs.org/dayjs/-/dayjs-1.8.34.tgz",
      "integrity": "sha512-Olb+E6EoMvdPmAMq2QoucuyZycKHjTlBXmRx8Ada+wGtq4SIXuDCdtoaX4KkK0yjf1fJLnwXQURr8gQKWKaybw=="
    },
    "dom-align": {
      "version": "1.12.0",
      "resolved": "https://registry.npmjs.org/dom-align/-/dom-align-1.12.0.tgz",
      "integrity": "sha512-YkoezQuhp3SLFGdOlr5xkqZ640iXrnHAwVYcDg8ZKRUtO7mSzSC2BA5V0VuyAwPSJA4CLIc6EDDJh4bEsD2+zA=="
    },
    "encoding": {
      "version": "0.1.13",
      "resolved": "https://registry.npmjs.org/encoding/-/encoding-0.1.13.tgz",
      "integrity": "sha512-ETBauow1T35Y/WZMkio9jiM0Z5xjHHmJ4XmjZOq1l/dXz3lr2sRn87nJy20RupqSh1F2m3HHPSp8ShIPQJrJ3A==",
      "requires": {
        "iconv-lite": "^0.6.2"
      }
    },
    "fbjs": {
      "version": "0.8.17",
      "resolved": "https://registry.npmjs.org/fbjs/-/fbjs-0.8.17.tgz",
      "integrity": "sha1-xNWY6taUkRJlPWWIsBpc3Nn5D90=",
      "requires": {
        "core-js": "^1.0.0",
        "isomorphic-fetch": "^2.1.1",
        "loose-envify": "^1.0.0",
        "object-assign": "^4.1.0",
        "promise": "^7.1.1",
        "setimmediate": "^1.0.5",
        "ua-parser-js": "^0.7.18"
      }
    },
    "highlight.js": {
      "version": "9.15.10",
      "resolved": "https://registry.npmjs.org/highlight.js/-/highlight.js-9.15.10.tgz",
      "integrity": "sha512-RoV7OkQm0T3os3Dd2VHLNMoaoDVx77Wygln3n9l5YV172XonWG6rgQD3XnF/BuFFZw9A0TJgmMSO8FEWQgvcXw=="
    },
    "hoist-non-react-statics": {
      "version": "3.3.2",
      "resolved": "https://registry.npmjs.org/hoist-non-react-statics/-/hoist-non-react-statics-3.3.2.tgz",
      "integrity": "sha512-/gGivxi8JPKWNm/W0jSmzcMPpfpPLc3dY/6GxhX2hQ9iGj3aDfklV4ET7NjKpSinLpJ5vafa9iiGIEZg10SfBw==",
      "requires": {
        "react-is": "^16.7.0"
      }
    },
    "iconv-lite": {
      "version": "0.6.2",
      "resolved": "https://registry.npmjs.org/iconv-lite/-/iconv-lite-0.6.2.tgz",
      "integrity": "sha512-2y91h5OpQlolefMPmUlivelittSWy0rP+oYVpn6A7GwVHNE8AWzoYOBNmlwks3LobaJxgHCYZAnyNo2GgpNRNQ==",
      "requires": {
        "safer-buffer": ">= 2.1.2 < 3.0.0"
      }
    },
    "insert-css": {
      "version": "2.0.0",
      "resolved": "https://registry.npmjs.org/insert-css/-/insert-css-2.0.0.tgz",
      "integrity": "sha1-610Ql7dUL0x56jBg067gfQU4gPQ="
    },
    "is-stream": {
      "version": "1.1.0",
      "resolved": "https://registry.npmjs.org/is-stream/-/is-stream-1.1.0.tgz",
      "integrity": "sha1-EtSj3U5o4Lec6428hBc66A2RykQ="
    },
    "isomorphic-fetch": {
      "version": "2.2.1",
      "resolved": "https://registry.npmjs.org/isomorphic-fetch/-/isomorphic-fetch-2.2.1.tgz",
      "integrity": "sha1-YRrhrPFPXoH3KVB0coGf6XM1WKk=",
      "requires": {
        "node-fetch": "^1.0.1",
        "whatwg-fetch": ">=0.10.0"
      }
    },
    "js-tokens": {
      "version": "4.0.0",
      "resolved": "https://registry.npmjs.org/js-tokens/-/js-tokens-4.0.0.tgz",
      "integrity": "sha512-RdJUflcE3cUzKiMqQgsCu06FPu9UdIJO0beYbPhHN4k6apgJtifcoCtT9bcxOpYBtpD2kCM6Sbzg4CausW/PKQ=="
    },
    "json2mq": {
      "version": "0.2.0",
      "resolved": "https://registry.npmjs.org/json2mq/-/json2mq-0.2.0.tgz",
      "integrity": "sha1-tje9O6nqvhIsg+lyBIOusQ0skEo=",
      "requires": {
        "string-convert": "^0.2.0"
      }
    },
    "lodash": {
      "version": "4.17.20",
      "resolved": "https://registry.npmjs.org/lodash/-/lodash-4.17.20.tgz",
      "integrity": "sha512-PlhdFcillOINfeV7Ni6oF1TAEayyZBoZ8bcshTHqOYJYlrqzRK5hagpagky5o4HfCzzd1TRkXPMFq6cKk9rGmA=="
    },
    "loose-envify": {
      "version": "1.4.0",
      "resolved": "https://registry.npmjs.org/loose-envify/-/loose-envify-1.4.0.tgz",
      "integrity": "sha512-lyuxPGr/Wfhrlem2CL/UcnUc1zcqKAImBDzukY7Y5F/yQiNdko6+fRLevlw1HgMySw7f611UIY408EtxRSoK3Q==",
      "requires": {
        "js-tokens": "^3.0.0 || ^4.0.0"
      }
    },
    "mini-store": {
      "version": "3.0.6",
      "resolved": "https://registry.npmjs.org/mini-store/-/mini-store-3.0.6.tgz",
      "integrity": "sha512-YzffKHbYsMQGUWQRKdsearR79QsMzzJcDDmZKlJBqt5JNkqpyJHYlK6gP61O36X+sLf76sO9G6mhKBe83gIZIQ==",
      "requires": {
        "hoist-non-react-statics": "^3.3.2",
        "shallowequal": "^1.0.2"
      }
    },
    "moment": {
      "version": "2.27.0",
      "resolved": "https://registry.npmjs.org/moment/-/moment-2.27.0.tgz",
      "integrity": "sha512-al0MUK7cpIcglMv3YF13qSgdAIqxHTO7brRtaz3DlSULbqfazqkc5kEjNrLDOM7fsjshoFIihnU8snrP7zUvhQ=="
    },
    "node-fetch": {
      "version": "1.7.3",
      "resolved": "https://registry.npmjs.org/node-fetch/-/node-fetch-1.7.3.tgz",
      "integrity": "sha512-NhZ4CsKx7cYm2vSrBAr2PvFOe6sWDf0UYLRqA6svUYg7+/TSfVAu49jYC4BvQ4Sms9SZgdqGBgroqfDhJdTyKQ==",
      "requires": {
        "encoding": "^0.1.11",
        "is-stream": "^1.0.1"
      }
    },
    "object-assign": {
      "version": "4.1.1",
      "resolved": "https://registry.npmjs.org/object-assign/-/object-assign-4.1.1.tgz",
      "integrity": "sha1-IQmtx5ZYh8/AXLvUQsrIv7s2CGM="
    },
    "omit.js": {
      "version": "2.0.2",
      "resolved": "https://registry.npmjs.org/omit.js/-/omit.js-2.0.2.tgz",
      "integrity": "sha512-hJmu9D+bNB40YpL9jYebQl4lsTW6yEHRTroJzNLqQJYHm7c+NQnJGfZmIWh8S3q3KoaxV1aLhV6B3+0N0/kyJg=="
    },
    "performance-now": {
      "version": "2.1.0",
      "resolved": "https://registry.npmjs.org/performance-now/-/performance-now-2.1.0.tgz",
      "integrity": "sha1-Ywn04OX6kT7BxpMHrjZLSzd8nns="
    },
    "promise": {
      "version": "7.3.1",
      "resolved": "https://registry.npmjs.org/promise/-/promise-7.3.1.tgz",
      "integrity": "sha512-nolQXZ/4L+bP/UGlkfaIujX9BKxGwmQ9OT4mOt5yvy8iK1h3wqTEJCijzGANTCCl9nWjY41juyAn2K3Q1hLLTg==",
      "requires": {
        "asap": "~2.0.3"
      }
    },
    "prop-types": {
      "version": "15.7.2",
      "resolved": "https://registry.npmjs.org/prop-types/-/prop-types-15.7.2.tgz",
      "integrity": "sha512-8QQikdH7//R2vurIJSutZ1smHYTcLpRWEOlHnzcWHmBYrOGUysKwSsrC89BCiFj3CbrfJ/nXFdJepOVrY1GCHQ==",
      "requires": {
        "loose-envify": "^1.4.0",
        "object-assign": "^4.1.1",
        "react-is": "^16.8.1"
      }
    },
    "raf": {
      "version": "3.4.1",
      "resolved": "https://registry.npmjs.org/raf/-/raf-3.4.1.tgz",
      "integrity": "sha512-Sq4CW4QhwOHE8ucn6J34MqtZCeWFP2aQSmrlroYgqAV1PjStIhJXxYuTgUIfkEk7zTLjmIjLmU5q+fbD1NnOJA==",
      "requires": {
        "performance-now": "^2.1.0"
      }
    },
    "rc-align": {
      "version": "4.0.3",
      "resolved": "https://registry.npmjs.org/rc-align/-/rc-align-4.0.3.tgz",
      "integrity": "sha512-TpI0t1tvAo/wYdoZbZlkCK+MkQBqNuPyRZesfsji4tMlqoqQ0q0MhnC9JD5KGPitMvmSB+KWgFpaN2uTz4hw6Q==",
      "requires": {
        "@babel/runtime": "^7.10.1",
        "classnames": "2.x",
        "dom-align": "^1.7.0",
        "rc-util": "^5.0.1",
        "resize-observer-polyfill": "^1.5.1"
      }
    },
    "rc-animate": {
      "version": "3.1.0",
      "resolved": "https://registry.npmjs.org/rc-animate/-/rc-animate-3.1.0.tgz",
      "integrity": "sha512-8FsM+3B1H+0AyTyGggY6JyVldHTs1CyYT8CfTmG/nGHHXlecvSLeICJhcKgRLjUiQlctNnRtB1rwz79cvBVmrw==",
      "requires": {
        "@ant-design/css-animation": "^1.7.2",
        "classnames": "^2.2.6",
        "raf": "^3.4.0",
        "rc-util": "^5.0.1"
      }
    },
    "rc-cascader": {
      "version": "1.3.0",
      "resolved": "https://registry.npmjs.org/rc-cascader/-/rc-cascader-1.3.0.tgz",
      "integrity": "sha512-wayuMo/dSZixvdpiRFZB4Q6A3omKRXQcJ3CxN02+PNiTEcRnK2KDqKUzrx7GwgMsyH5tz90lUZ91lLaEPNFv0A==",
      "requires": {
        "array-tree-filter": "^2.1.0",
        "rc-trigger": "^4.0.0",
        "rc-util": "^5.0.1",
        "warning": "^4.0.1"
      }
    },
    "rc-checkbox": {
      "version": "2.3.1",
      "resolved": "https://registry.npmjs.org/rc-checkbox/-/rc-checkbox-2.3.1.tgz",
      "integrity": "sha512-i290/iTqmZ0WtI2UPIryqT9rW6O99+an4KeZIyZDH3r+Jbb6YdddaWNdzq7g5m9zaNhJvgjf//wJtC4fvve2Tg==",
      "requires": {
        "@babel/runtime": "^7.10.1",
        "classnames": "^2.2.1"
      }
    },
    "rc-collapse": {
      "version": "2.0.0",
      "resolved": "https://registry.npmjs.org/rc-collapse/-/rc-collapse-2.0.0.tgz",
      "integrity": "sha512-R5+Ge1uzwK9G1wZPRPhqQsed4FXTDmU0BKzsqfNBtZdk/wd+yey8ZutmJmSozYc5hQwjPkCvJHV7gOIRZKIlJg==",
      "requires": {
        "@ant-design/css-animation": "^1.7.2",
        "classnames": "2.x",
        "rc-animate": "3.x",
        "react-is": "^16.7.0",
        "shallowequal": "^1.1.0"
      }
    },
    "rc-dialog": {
      "version": "8.1.1",
      "resolved": "https://registry.npmjs.org/rc-dialog/-/rc-dialog-8.1.1.tgz",
      "integrity": "sha512-ToyHiMlV94z8LfnmeKoVvu04Pd9+HdwwSHhY2a8IWeYGA5Cjk1WyIZvS+njCsm8rSMM4NqPqFkMZA0N/Iw0NrQ==",
      "requires": {
        "rc-animate": "3.x",
        "rc-util": "^5.0.1"
      }
    },
    "rc-drawer": {
      "version": "4.1.0",
      "resolved": "https://registry.npmjs.org/rc-drawer/-/rc-drawer-4.1.0.tgz",
      "integrity": "sha512-kjeQFngPjdzAFahNIV0EvEBoIKMOnvUsAxpkSPELoD/1DuR4nLafom5ryma+TIxGwkFJ92W6yjsMi1U9aiOTeQ==",
      "requires": {
        "@babel/runtime": "^7.10.1",
        "classnames": "^2.2.6",
        "rc-util": "^5.0.1"
      }
    },
    "rc-dropdown": {
      "version": "3.1.2",
      "resolved": "https://registry.npmjs.org/rc-dropdown/-/rc-dropdown-3.1.2.tgz",
      "integrity": "sha512-s2W5jqvjTid5DxotGO5FlTBaQWeB+Bu7McQgjB8Ot3Wbl72AIKwLf11+lgbV4mA2vWC1H8DKyn6SW9TKLTi0xg==",
      "requires": {
        "@babel/runtime": "^7.10.1",
        "classnames": "^2.2.6",
        "rc-trigger": "^4.0.0"
      }
    },
    "rc-field-form": {
      "version": "1.8.1",
      "resolved": "https://registry.npmjs.org/rc-field-form/-/rc-field-form-1.8.1.tgz",
      "integrity": "sha512-OAMFhS+92+4o7Y0WyTfQ6E5EdBk7z7vEXf4dL5CpoZU2OEHv/INZP1xts2AIKNVOBligG/WcfMTuk+GvbyVsnA==",
      "requires": {
        "@babel/runtime": "^7.8.4",
        "async-validator": "^3.0.3",
        "rc-util": "^5.0.0"
      }
    },
    "rc-input-number": {
      "version": "6.0.0",
      "resolved": "https://registry.npmjs.org/rc-input-number/-/rc-input-number-6.0.0.tgz",
      "integrity": "sha512-vbe+g7HvR/joknSnvLkBTi9N9I+LsV4kljfuog8WNiS7OAF3aEN0QcHSOQ4+xk6+Hx9P1tU63z2+TyEx8W/j2Q==",
      "requires": {
        "@babel/runtime": "^7.10.1",
        "classnames": "^2.2.5",
        "rc-util": "^5.0.1"
      }
    },
    "rc-mentions": {
      "version": "1.4.1",
      "resolved": "https://registry.npmjs.org/rc-mentions/-/rc-mentions-1.4.1.tgz",
      "integrity": "sha512-MraFCsXlorfUj4/VUjRnITAnBzhM0gMH+2yj/3jmS5rIj0NjNJoTXyEUW3gTJxnw9DP22IMccMTdP3Fjz/2UgQ==",
      "requires": {
        "@babel/runtime": "^7.10.1",
        "classnames": "^2.2.6",
        "rc-menu": "^8.0.1",
        "rc-textarea": "^0.3.0",
        "rc-trigger": "^4.3.0",
        "rc-util": "^5.0.1"
      }
    },
    "rc-menu": {
      "version": "8.5.2",
      "resolved": "https://registry.npmjs.org/rc-menu/-/rc-menu-8.5.2.tgz",
      "integrity": "sha512-GPtr7qoCynVEkFgco/9cW0z/xU33GV89Q6r8FgEkrdhaQSJzuSC+v8pv+Bll5fVGQlJyJgOVqiKk7l2Knk1jYg==",
      "requires": {
        "@babel/runtime": "^7.10.1",
        "classnames": "2.x",
        "mini-store": "^3.0.1",
        "omit.js": "^2.0.0",
        "rc-motion": "^1.0.1",
        "rc-trigger": "^4.4.0",
        "rc-util": "^5.0.1",
        "resize-observer-polyfill": "^1.5.0",
        "shallowequal": "^1.1.0"
      }
    },
    "rc-motion": {
      "version": "1.0.2",
      "resolved": "https://registry.npmjs.org/rc-motion/-/rc-motion-1.0.2.tgz",
      "integrity": "sha512-FDmC9ZdzsXerlTZ+YLu+l5erjkMU98s85SFHdQac+pMy6zQ10RuON6Ntv3ZwP0+qY/YlIsK+0uMXIWOJ9LaLIg==",
      "requires": {
        "@babel/runtime": "^7.11.1",
        "classnames": "^2.2.1",
        "raf": "^3.4.1",
        "rc-util": "^5.0.6"
      }
    },
    "rc-notification": {
      "version": "4.4.0",
      "resolved": "https://registry.npmjs.org/rc-notification/-/rc-notification-4.4.0.tgz",
      "integrity": "sha512-IDeNAFGVeOsy1tv4zNVqMAXB9tianR80ewQbtObaAQfjwAjWfONdqdyjFkEU6nc6UQhSUYA5OcTGb7kwwbnh0g==",
      "requires": {
        "@babel/runtime": "^7.10.1",
        "classnames": "2.x",
        "rc-animate": "3.x",
        "rc-util": "^5.0.1"
      }
    },
    "rc-pagination": {
      "version": "2.4.6",
      "resolved": "https://registry.npmjs.org/rc-pagination/-/rc-pagination-2.4.6.tgz",
      "integrity": "sha512-1ykd3Jti+JuOFdzEFXGfVpkuH+hKxLYz3FKV6BSwnnWXLr9Y8bbm7YiTSwBmdDcOg6tinH8b4IYaKzxBWRC6EA==",
      "requires": {
        "@babel/runtime": "^7.10.1",
        "classnames": "^2.2.1"
      }
    },
    "rc-picker": {
      "version": "1.15.4",
      "resolved": "https://registry.npmjs.org/rc-picker/-/rc-picker-1.15.4.tgz",
      "integrity": "sha512-GYgSyoSJy/Zp9ZF75eJ/fv1P88IrWzrGCtefZW47POw6UXz5Yh+6O+pJZcTbx0HwiAE9HHb8nyOjciS6XjYszg==",
      "requires": {
        "@babel/runtime": "^7.10.1",
        "classnames": "^2.2.1",
        "date-fns": "^2.15.0",
        "dayjs": "^1.8.30",
        "moment": "^2.24.0",
        "rc-trigger": "^4.0.0",
        "rc-util": "^5.0.1",
        "shallowequal": "^1.1.0"
      }
    },
    "rc-progress": {
      "version": "3.0.0",
      "resolved": "https://registry.npmjs.org/rc-progress/-/rc-progress-3.0.0.tgz",
      "integrity": "sha512-dQv1KU3o6Vay604FMYMF4S0x4GNXAgXf1tbQ1QoxeIeQt4d5fUeB7Ri82YPu+G+aRvH/AtxYAlEcnxyVZ1/4Hw==",
      "requires": {
        "classnames": "^2.2.6"
      }
    },
    "rc-rate": {
      "version": "2.8.2",
      "resolved": "https://registry.npmjs.org/rc-rate/-/rc-rate-2.8.2.tgz",
      "integrity": "sha512-f9T/D+ZwWQrWHkpidpQbnXpnVMGMC4eSRAkwuu88a8Qv1C/9LNc4AErazoh8tpnZBFqq19F3j0Glv+sDgkfEig==",
      "requires": {
        "@babel/runtime": "^7.10.1",
        "classnames": "^2.2.5",
        "rc-util": "^5.0.1"
      }
    },
    "rc-resize-observer": {
      "version": "0.2.5",
      "resolved": "https://registry.npmjs.org/rc-resize-observer/-/rc-resize-observer-0.2.5.tgz",
      "integrity": "sha512-cc4sOI722MVoCkGf/ZZybDVsjxvnH0giyDdA7wBJLTiMSFJ0eyxBMnr0JLYoClxftjnr75Xzl/VUB3HDrAx04Q==",
      "requires": {
        "@babel/runtime": "^7.10.1",
        "classnames": "^2.2.1",
        "rc-util": "^5.0.0",
        "resize-observer-polyfill": "^1.5.1"
      }
    },
    "rc-select": {
      "version": "11.0.13",
      "resolved": "https://registry.npmjs.org/rc-select/-/rc-select-11.0.13.tgz",
      "integrity": "sha512-4/GDmBkGnDhYre3Dvq5UkIRXQJW8hbGdpdH8SjquSbCktAVitYV+opd/lKI28qMcBxCgjOHgYXwZ18TF+kP2VQ==",
      "requires": {
        "@babel/runtime": "^7.10.1",
        "classnames": "2.x",
        "rc-motion": "^1.0.1",
        "rc-trigger": "^4.3.0",
        "rc-util": "^5.0.1",
        "rc-virtual-list": "^1.1.2",
        "warning": "^4.0.3"
      }
    },
    "rc-slider": {
      "version": "9.3.1",
      "resolved": "https://registry.npmjs.org/rc-slider/-/rc-slider-9.3.1.tgz",
      "integrity": "sha512-c52PWPyrfJWh28K6dixAm0906L3/4MUIxqrNQA4TLnC/Z+cBNycWJUZoJerpwSOE1HdM3XDwixCsmtFc/7aWlQ==",
      "requires": {
        "@babel/runtime": "^7.10.1",
        "classnames": "^2.2.5",
        "rc-tooltip": "^4.0.0",
        "rc-util": "^5.0.0",
        "shallowequal": "^1.1.0"
      }
    },
    "rc-steps": {
      "version": "4.1.2",
      "resolved": "https://registry.npmjs.org/rc-steps/-/rc-steps-4.1.2.tgz",
      "integrity": "sha512-kTPiojPtJi12Y7whRqlydRgJXQ1u9JlvGchI6xDrmOMZVpCTLpfc/18iu+aHCtCZaSnM2ENU/9lfm/naWVFcRw==",
      "requires": {
        "@babel/runtime": "^7.10.2",
        "classnames": "^2.2.3",
        "rc-util": "^5.0.1"
      }
    },
    "rc-switch": {
      "version": "3.2.0",
      "resolved": "https://registry.npmjs.org/rc-switch/-/rc-switch-3.2.0.tgz",
      "integrity": "sha512-WQZnRrWZ+KGh4Cd98FpP1ZgvMmebctoHzKAO2n1Xsry1FQBSGgIw4rQJRxET31VS/dR1LIKb5md/k0UzcXXc0g==",
      "requires": {
        "@babel/runtime": "^7.10.1",
        "classnames": "^2.2.1",
        "rc-util": "^5.0.1"
      }
    },
    "rc-table": {
      "version": "7.8.6",
      "resolved": "https://registry.npmjs.org/rc-table/-/rc-table-7.8.6.tgz",
      "integrity": "sha512-rHRStVTO6FYlxs5Bk9S56Vo/Jn7pX3hOtHTHP+Vu++i9SF7DroOReMIi+OJ7RA9n3jVBxyT/9+NESXgTFvPbYA==",
      "requires": {
        "@babel/runtime": "^7.10.1",
        "classnames": "^2.2.5",
        "raf": "^3.4.1",
        "rc-resize-observer": "^0.2.0",
        "rc-util": "^5.0.0",
        "shallowequal": "^1.1.0"
      }
    },
    "rc-tabs": {
      "version": "11.5.7",
      "resolved": "https://registry.npmjs.org/rc-tabs/-/rc-tabs-11.5.7.tgz",
      "integrity": "sha512-KQcE4FNmERyhtj81wWOlM6z5HrQDxFsdp47qqbXJwOMTVup8/57pmd63ptvnAmY/5CmjTuDMG/4g+NuZzk/dnA==",
      "requires": {
        "@babel/runtime": "^7.10.1",
        "classnames": "2.x",
        "raf": "^3.4.1",
        "rc-dropdown": "^3.1.0",
        "rc-menu": "^8.2.1",
        "rc-resize-observer": "^0.2.1",
        "rc-trigger": "^4.2.1",
        "rc-util": "^5.0.0"
      }
    },
    "rc-textarea": {
      "version": "0.3.0",
      "resolved": "https://registry.npmjs.org/rc-textarea/-/rc-textarea-0.3.0.tgz",
      "integrity": "sha512-vrTPkPT6wrO7EI8ouLFZZLXA1pFVrVRCnkmyyf0yRComFbcH1ogmFEGu85CjVT96rQqAiQFOe0QV3nKopZOJow==",
      "requires": {
        "@babel/runtime": "^7.10.1",
        "classnames": "^2.2.1",
        "omit.js": "^2.0.0",
        "rc-resize-observer": "^0.2.3"
      }
    },
    "rc-tooltip": {
      "version": "4.2.1",
      "resolved": "https://registry.npmjs.org/rc-tooltip/-/rc-tooltip-4.2.1.tgz",
      "integrity": "sha512-oykuaGsHg7RFvPUaxUpxo7ScEqtH61C66x4JUmjlFlSS8gSx2L8JFtfwM1D68SLBxUqGqJObtxj4TED75gQTiA==",
      "requires": {
        "rc-trigger": "^4.2.1"
      }
    },
    "rc-tree": {
      "version": "3.9.2",
      "resolved": "https://registry.npmjs.org/rc-tree/-/rc-tree-3.9.2.tgz",
      "integrity": "sha512-r9Kox/2btnM5+FU//j8vslv9MqSn3pFc27FzwRXUl4dGHncSXfkjf/mJNu3WHlzwJZ5nqFlx4qGpgdy4kPHdwQ==",
      "requires": {
        "@babel/runtime": "^7.10.1",
        "classnames": "2.x",
        "rc-motion": "^1.0.0",
        "rc-util": "^5.0.0",
        "rc-virtual-list": "^3.0.1"
      },
      "dependencies": {
        "rc-virtual-list": {
          "version": "3.0.3",
          "resolved": "https://registry.npmjs.org/rc-virtual-list/-/rc-virtual-list-3.0.3.tgz",
          "integrity": "sha512-LLW2D/8N7GBOrEybN3Oqn0FVaQ4Tx3MABmlnWrmKJuPXYqJncQ1/Guxo/BQq8FEmPMIMhWaJFWAeNQOsDZvf1A==",
          "requires": {
            "classnames": "^2.2.6",
            "rc-resize-observer": "^0.2.3",
            "rc-util": "^5.0.7"
          }
        }
      }
    },
    "rc-tree-select": {
      "version": "4.1.1",
      "resolved": "https://registry.npmjs.org/rc-tree-select/-/rc-tree-select-4.1.1.tgz",
      "integrity": "sha512-pawxt/W1chLpjtAEQe8mXI9C9DYNMGS/BR6eBmOY8cJDK6OWSa6M88S6F0jXc+A10D/CLfHAfF1ZIj7VGse+5Q==",
      "requires": {
        "@babel/runtime": "^7.10.1",
        "classnames": "2.x",
        "rc-select": "^11.1.1",
        "rc-tree": "^3.8.0",
        "rc-util": "^5.0.5"
      },
      "dependencies": {
        "rc-select": {
          "version": "11.1.6",
          "resolved": "https://registry.npmjs.org/rc-select/-/rc-select-11.1.6.tgz",
          "integrity": "sha512-X5kCwUGIe3uF5las4bFiXzD3F/hxs5Nz+wpf3xG6esg352ThP5kBROmMOeb91Yo2nOPZyiH6jnLsZLecnyWbZQ==",
          "requires": {
            "@babel/runtime": "^7.10.1",
            "classnames": "2.x",
            "rc-motion": "^1.0.1",
            "rc-trigger": "^4.3.0",
            "rc-util": "^5.0.1",
            "rc-virtual-list": "^3.0.3",
            "warning": "^4.0.3"
          }
        },
        "rc-virtual-list": {
          "version": "3.0.3",
          "resolved": "https://registry.npmjs.org/rc-virtual-list/-/rc-virtual-list-3.0.3.tgz",
          "integrity": "sha512-LLW2D/8N7GBOrEybN3Oqn0FVaQ4Tx3MABmlnWrmKJuPXYqJncQ1/Guxo/BQq8FEmPMIMhWaJFWAeNQOsDZvf1A==",
          "requires": {
            "classnames": "^2.2.6",
            "rc-resize-observer": "^0.2.3",
            "rc-util": "^5.0.7"
          }
        }
      }
    },
    "rc-trigger": {
      "version": "4.4.0",
      "resolved": "https://registry.npmjs.org/rc-trigger/-/rc-trigger-4.4.0.tgz",
      "integrity": "sha512-09562wc5I1JUbCdWohcFYJeLTpjKjEqH+0lY7plDtyI9yFXRngrvmqsrSJyT6Nat+C35ymD7fhwCCPq3cfUI4g==",
      "requires": {
        "@babel/runtime": "^7.10.1",
        "classnames": "^2.2.6",
        "raf": "^3.4.1",
        "rc-align": "^4.0.0",
        "rc-motion": "^1.0.0",
        "rc-util": "^5.0.1"
      }
    },
    "rc-upload": {
      "version": "3.2.0",
      "resolved": "https://registry.npmjs.org/rc-upload/-/rc-upload-3.2.0.tgz",
      "integrity": "sha512-/vyOGVxl5QVM3ZE7s+GqYPbCLC/Q/vJq0sjdwnvJw01KvAR5kVOC4jbHEaU56dMss7PFGDfNzc8zO5bWYLDzVQ==",
      "requires": {
        "classnames": "^2.2.5"
      }
    },
    "rc-util": {
      "version": "5.0.7",
      "resolved": "https://registry.npmjs.org/rc-util/-/rc-util-5.0.7.tgz",
      "integrity": "sha512-nr98b5aMqqvIqxm16nF+zC3K3f81r+HsflT5E9Encr5itRwV7Vo/5GjJMNds/WiFV33rilq7vzb3xeAbCycmwg==",
      "requires": {
        "react-is": "^16.12.0",
        "shallowequal": "^1.1.0"
      }
    },
    "rc-virtual-list": {
      "version": "1.1.6",
      "resolved": "https://registry.npmjs.org/rc-virtual-list/-/rc-virtual-list-1.1.6.tgz",
      "integrity": "sha512-u3+izqWL8p8bQy8nYH48qWpiGyxR/ye8D2k0zJlXmfYeL55/xh83YrzHqiDzO78uj0Ewag3nXDA0JTVrYO7ygQ==",
      "requires": {
        "classnames": "^2.2.6",
        "raf": "^3.4.1",
        "rc-util": "^5.0.0"
      }
    },
    "react": {
      "version": "16.13.0",
      "resolved": "https://registry.npmjs.org/react/-/react-16.13.0.tgz",
      "integrity": "sha512-TSavZz2iSLkq5/oiE7gnFzmURKZMltmi193rm5HEoUDAXpzT9Kzw6oNZnGoai/4+fUnm7FqS5dwgUL34TujcWQ==",
      "requires": {
        "loose-envify": "^1.1.0",
        "object-assign": "^4.1.1",
        "prop-types": "^15.6.2"
      }
    },
    "react-dom": {
      "version": "16.13.0",
      "resolved": "https://registry.npmjs.org/react-dom/-/react-dom-16.13.0.tgz",
      "integrity": "sha512-y09d2c4cG220DzdlFkPTnVvGTszVvNpC73v+AaLGLHbkpy3SSgvYq8x0rNwPJ/Rk/CicTNgk0hbHNw1gMEZAXg==",
      "requires": {
        "loose-envify": "^1.1.0",
        "object-assign": "^4.1.1",
        "prop-types": "^15.6.2",
        "scheduler": "^0.19.0"
      }
    },
    "react-dom-server": {
      "version": "0.0.5",
      "resolved": "https://registry.npmjs.org/react-dom-server/-/react-dom-server-0.0.5.tgz",
      "integrity": "sha1-dbbA9ZRuCOhNud2m7KXkj+0l9yM="
    },
    "react-highlight.js": {
      "version": "1.0.7",
      "resolved": "https://registry.npmjs.org/react-highlight.js/-/react-highlight.js-1.0.7.tgz",
      "integrity": "sha512-OVPKnV0ZvU+V//HExwbV8M9CWy49Eo/9y9pBN2OsNWUFPN6dE4YZBLmJW/5sM2DxI5v/QQLyxOnTnSSfGCP+9Q==",
      "requires": {
        "highlight.js": "^9.3.0",
        "prop-types": "^15.6.0"
      }
    },
    "react-is": {
      "version": "16.13.1",
      "resolved": "https://registry.npmjs.org/react-is/-/react-is-16.13.1.tgz",
      "integrity": "sha512-24e6ynE2H+OKt4kqsOvNd8kBpV65zoxbA4BVsEOB3ARVWQki/DHzaUoC5KuON/BiccDaCCTZBuOcfZs70kR8bQ=="
    },
    "regenerator-runtime": {
      "version": "0.13.7",
      "resolved": "https://registry.npmjs.org/regenerator-runtime/-/regenerator-runtime-0.13.7.tgz",
      "integrity": "sha512-a54FxoJDIr27pgf7IgeQGxmqUNYrcV338lf/6gH456HZ/PhX+5BcwHXG9ajESmwe6WRO0tAzRUrRmNONWgkrew=="
    },
    "resize-observer-polyfill": {
      "version": "1.5.1",
      "resolved": "https://registry.npmjs.org/resize-observer-polyfill/-/resize-observer-polyfill-1.5.1.tgz",
      "integrity": "sha512-LwZrotdHOo12nQuZlHEmtuXdqGoOD0OhaxopaNFxWzInpEgaLWoVuAMbTzixuosCx2nEG58ngzW3vxdWoxIgdg=="
    },
    "safer-buffer": {
      "version": "2.1.2",
      "resolved": "https://registry.npmjs.org/safer-buffer/-/safer-buffer-2.1.2.tgz",
      "integrity": "sha512-YZo3K82SD7Riyi0E1EQPojLz7kpepnSQI9IyPbHHg1XXXevb5dJI7tpyN2ADxGcQbHG7vcyRHk0cbwqcQriUtg=="
    },
    "scheduler": {
      "version": "0.19.1",
      "resolved": "https://registry.npmjs.org/scheduler/-/scheduler-0.19.1.tgz",
      "integrity": "sha512-n/zwRWRYSUj0/3g/otKDRPMh6qv2SYMWNq85IEa8iZyAv8od9zDYpGSnpBEjNgcMNq6Scbu5KfIPxNF72R/2EA==",
      "requires": {
        "loose-envify": "^1.1.0",
        "object-assign": "^4.1.1"
      }
    },
    "scroll-into-view-if-needed": {
      "version": "2.2.25",
      "resolved": "https://registry.npmjs.org/scroll-into-view-if-needed/-/scroll-into-view-if-needed-2.2.25.tgz",
      "integrity": "sha512-C8RKJPq9lK7eubwGpLbUkw3lklcG3Ndjmea2PyauzrA0i4DPlzAmVMGxaZrBFqCrVLfvJmP80IyHnv4jxvg1OQ==",
      "requires": {
        "compute-scroll-into-view": "^1.0.14"
      }
    },
    "setimmediate": {
      "version": "1.0.5",
      "resolved": "https://registry.npmjs.org/setimmediate/-/setimmediate-1.0.5.tgz",
      "integrity": "sha1-KQy7Iy4waULX1+qbg3Mqt4VvgoU="
    },
    "shallowequal": {
      "version": "1.1.0",
      "resolved": "https://registry.npmjs.org/shallowequal/-/shallowequal-1.1.0.tgz",
      "integrity": "sha512-y0m1JoUZSlPAjXVtPPW70aZWfIL/dSP7AFkRnniLCrK/8MDKog3TySTBmckD+RObVxH0v4Tox67+F14PdED2oQ=="
    },
    "string-convert": {
      "version": "0.2.1",
      "resolved": "https://registry.npmjs.org/string-convert/-/string-convert-0.2.1.tgz",
      "integrity": "sha1-aYLMMEn7tM2F+LJFaLnZvznu/5c="
    },
    "tinycolor2": {
      "version": "1.4.1",
      "resolved": "https://registry.npmjs.org/tinycolor2/-/tinycolor2-1.4.1.tgz",
      "integrity": "sha1-9PrTM0R7wLB9TcjpIJ2POaisd+g="
    },
    "toggle-selection": {
      "version": "1.0.6",
      "resolved": "https://registry.npmjs.org/toggle-selection/-/toggle-selection-1.0.6.tgz",
      "integrity": "sha1-bkWxJj8gF/oKzH2J14sVuL932jI="
    },
    "ua-parser-js": {
      "version": "0.7.21",
      "resolved": "https://registry.npmjs.org/ua-parser-js/-/ua-parser-js-0.7.21.tgz",
      "integrity": "sha512-+O8/qh/Qj8CgC6eYBVBykMrNtp5Gebn4dlGD/kKXVkJNDwyrAwSIqwz8CDf+tsAIWVycKcku6gIXJ0qwx/ZXaQ=="
    },
    "warning": {
      "version": "4.0.3",
      "resolved": "https://registry.npmjs.org/warning/-/warning-4.0.3.tgz",
      "integrity": "sha512-rpJyN222KWIvHJ/F53XSZv0Zl/accqHR8et1kpaMTD/fLCRxtV8iX8czMzY7sVZupTI3zcUTg8eycS2kNF9l6w==",
      "requires": {
        "loose-envify": "^1.0.0"
      }
    },
    "whatwg-fetch": {
      "version": "3.4.0",
      "resolved": "https://registry.npmjs.org/whatwg-fetch/-/whatwg-fetch-3.4.0.tgz",
      "integrity": "sha512-rsum2ulz2iuZH08mJkT0Yi6JnKhwdw4oeyMjokgxd+mmqYSd9cPpOQf01TIWgjxG/U4+QR+AwKq6lSbXVxkyoQ=="
    }
  }
}
